{
  "name": "InNovel",
  "lockfileVersion": 3,
  "requires": true,
  "packages": {
    "": {
      "dependencies": {
        "@evenrealities/even_hub_sdk": "0.0.7"
      }
    },
    "node_modules/@evenrealities/even_hub_sdk": {
      "version": "0.0.7",
      "resolved": "https://registry.npmjs.org/@evenrealities/even_hub_sdk/-/even_hub_sdk-0.0.7.tgz",
      "integrity": "sha512-AInCBaNl+RsjnjsxkrPds2XkMyi8w35nF7daHjz7YrgMm8bkJrDDrr4eBatTj/PwjzuEy4C6XY2e+s6Fut0Wlg==",
      "license": "MIT",
      "engines": {
        "node": "^20.0.0 || >=22.0.0"
      }
    }
  }
}
